
Microsoft Visual Studio Solution File, Format Version 12.00
# Visual Studio Version 16
VisualStudioVersion = 16.0.30621.155
MinimumVisualStudioVersion = 10.0.40219.1
Project("{9A19103F-16F7-4668-BE54-9A1E7A4F7556}") = "bibliographic-lists-syntaxic-analyzer", "bibliographic-lists-syntaxic-analyzer.csproj", "{E7140ECB-5D1F-4FE1-A1D4-662F12B2C30A}"
EndProject
Project("{FAE04EC0-301F-11D3-BF4B-00C04F79EFBC}") = "tests", "..\Tests\tests.csproj", "{1804BFDF-1ED6-4B3F-A3E3-2CEA4C875E47}"
EndProject
Global
	GlobalSection(SolutionConfigurationPlatforms) = preSolution
		Debug|Any CPU = Debug|Any CPU
		Release|Any CPU = Release|Any CPU
	EndGlobalSection
	GlobalSection(ProjectConfigurationPlatforms) = postSolution
		{E7140ECB-5D1F-4FE1-A1D4-662F12B2C30A}.Debug|Any CPU.ActiveCfg = Debug|Any CPU
		{E7140ECB-5D1F-4FE1-A1D4-662F12B2C30A}.Debug|Any CPU.Build.0 = Debug|Any CPU
		{E7140ECB-5D1F-4FE1-A1D4-662F12B2C30A}.Release|Any CPU.ActiveCfg = Release|Any CPU
		{E7140ECB-5D1F-4FE1-A1D4-662F12B2C30A}.Release|Any CPU.Build.0 = Release|Any CPU
		{1804BFDF-1ED6-4B3F-A3E3-2CEA4C875E47}.Debug|Any CPU.ActiveCfg = Debug|Any CPU
		{1804BFDF-1ED6-4B3F-A3E3-2CEA4C875E47}.Debug|Any CPU.Build.0 = Debug|Any CPU
		{1804BFDF-1ED6-4B3F-A3E3-2CEA4C875E47}.Release|Any CPU.ActiveCfg = Release|Any CPU
		{1804BFDF-1ED6-4B3F-A3E3-2CEA4C875E47}.Release|Any CPU.Build.0 = Release|Any CPU
	EndGlobalSection
	GlobalSection(SolutionProperties) = preSolution
		HideSolutionNode = FALSE
	EndGlobalSection
	GlobalSection(ExtensibilityGlobals) = postSolution
		SolutionGuid = {75FFABD6-6C95-412F-8867-0E47B501791E}
	EndGlobalSection
EndGlobal
